
Microsoft Visual Studio Solution File, Format Version 12.00
# Visual Studio 15
VisualStudioVersion = 15.0.28307.852
MinimumVisualStudioVersion = 10.0.40219.1
Project("{8BC9CEB8-8B4A-11D0-8D11-00A0C91BC942}") = "P10", "P10\P10.vcxproj", "{CA5B9A59-9FFA-433F-93A3-BFEF9BD65DB6}"
EndProject
Global
	GlobalSection(SolutionConfigurationPlatforms) = preSolution
		Debug|x64 = Debug|x64
		Debug|x86 = Debug|x86
		Release|x64 = Release|x64
		Release|x86 = Release|x86
	EndGlobalSection
	GlobalSection(ProjectConfigurationPlatforms) = postSolution
		{CA5B9A59-9FFA-433F-93A3-BFEF9BD65DB6}.Debug|x64.ActiveCfg = Debug|x64
		{CA5B9A59-9FFA-433F-93A3-BFEF9BD65DB6}.Debug|x64.Build.0 = Debug|x64
		{CA5B9A59-9FFA-433F-93A3-BFEF9BD65DB6}.Debug|x86.ActiveCfg = Debug|Win32
		{CA5B9A59-9FFA-433F-93A3-BFEF9BD65DB6}.Debug|x86.Build.0 = Debug|Win32
		{CA5B9A59-9FFA-433F-93A3-BFEF9BD65DB6}.Release|x64.ActiveCfg = Release|x64
		{CA5B9A59-9FFA-433F-93A3-BFEF9BD65DB6}.Release|x64.Build.0 = Release|x64
		{CA5B9A59-9FFA-433F-93A3-BFEF9BD65DB6}.Release|x86.ActiveCfg = Release|Win32
		{CA5B9A59-9FFA-433F-93A3-BFEF9BD65DB6}.Release|x86.Build.0 = Release|Win32
	EndGlobalSection
	GlobalSection(SolutionProperties) = preSolution
		HideSolutionNode = FALSE
	EndGlobalSection
	GlobalSection(ExtensibilityGlobals) = postSolution
		SolutionGuid = {228EF5F3-3AFC-46E8-8AAB-9E519748B8EF}
	EndGlobalSection
EndGlobal
